{
  "name": "test-package",
  "version": "1.0.0",
  "lockfileVersion": 2,
  "requires": true,
  "packages": {
    "": {
      "name": "test-package",
      "version": "1.0.0",
      "license": "ISC",
      "dependencies": {
        "compound-interest": "file:.."
      }
    },
    "..": {
      "version": "1.0.0",
      "license": "ISC",
      "devDependencies": {
        "@types/node": "^20.2.1",
        "@typescript-eslint/eslint-plugin": "^5.57.0",
        "@typescript-eslint/parser": "^5.57.0",
        "eslint": "^8.37.0",
        "eslint-config-prettier": "^8.8.0",
        "eslint-import-resolver-alias": "^1.1.2",
        "eslint-plugin-import": "^2.27.5",
        "prettier": "^2.8.7",
        "typescript": "^5.0.4",
        "vite-node": "^0.31.1"
      }
    },
    "node_modules/compound-interest": {
      "resolved": "..",
      "link": true
    }
  },
  "dependencies": {
    "compound-interest": {
      "version": "file:..",
      "requires": {
        "@types/node": "^20.2.1",
        "@typescript-eslint/eslint-plugin": "^5.57.0",
        "@typescript-eslint/parser": "^5.57.0",
        "eslint": "^8.37.0",
        "eslint-config-prettier": "^8.8.0",
        "eslint-import-resolver-alias": "^1.1.2",
        "eslint-plugin-import": "^2.27.5",
        "prettier": "^2.8.7",
        "typescript": "^5.0.4",
        "vite-node": "^0.31.1"
      }
    }
  }
}
